// !$*UTF8*$!
{
	archiveVersion = 1;
	classes = {
	};
	objectVersion = 77;
	objects = {

/* Begin PBXBuildFile section */
		3C0C40B22DEEA6FD00C88D35 /* MPLUSRounded1c-ExtraBold.ttf in Resources */ = {isa = PBXBuildFile; fileRef = 3C0C40AD2DEEA6FD00C88D35 /* MPLUSRounded1c-ExtraBold.ttf */; };
		3C0C40B32DEEA6FD00C88D35 /* MPLUSRounded1c-Regular.ttf in Resources */ = {isa = PBXBuildFile; fileRef = 3C0C40B02DEEA6FD00C88D35 /* MPLUSRounded1c-Regular.ttf */; };
		3C0C40B42DEEA6FD00C88D35 /* MPLUSRounded1c-Black.ttf in Resources */ = {isa = PBXBuildFile; fileRef = 3C0C40AB2DEEA6FD00C88D35 /* MPLUSRounded1c-Black.ttf */; };
		3C0C40B52DEEA6FD00C88D35 /* MPLUSRounded1c-Bold.ttf in Resources */ = {isa = PBXBuildFile; fileRef = 3C0C40AC2DEEA6FD00C88D35 /* MPLUSRounded1c-Bold.ttf */; };
		3C0C40B62DEEA6FD00C88D35 /* MPLUSRounded1c-Light.ttf in Resources */ = {isa = PBXBuildFile; fileRef = 3C0C40AE2DEEA6FD00C88D35 /* MPLUSRounded1c-Light.ttf */; };
		3C0C40B72DEEA6FD00C88D35 /* MPLUSRounded1c-Medium.ttf in Resources */ = {isa = PBXBuildFile; fileRef = 3C0C40AF2DEEA6FD00C88D35 /* MPLUSRounded1c-Medium.ttf */; };
		3C0C40B82DEEA6FD00C88D35 /* MPLUSRounded1c-Thin.ttf in Resources */ = {isa = PBXBuildFile; fileRef = 3C0C40B12DEEA6FD00C88D35 /* MPLUSRounded1c-Thin.ttf */; };
		3C0C40BA2DEEA73100C88D35 /* OFL.txt in Resources */ = {isa = PBXBuildFile; fileRef = 3C0C40B92DEEA73100C88D35 /* OFL.txt */; };
/* End PBXBuildFile section */

/* Begin PBXContainerItemProxy section */
		3C40692B2DEDE2E500226AD2 /* PBXContainerItemProxy */ = {
			isa = PBXContainerItemProxy;
			containerPortal = 3C4069152DEDE2E200226AD2 /* Project object */;
			proxyType = 1;
			remoteGlobalIDString = 3C40691C2DEDE2E200226AD2;
			remoteInfo = GoodWallet;
		};
		3C4069352DEDE2E500226AD2 /* PBXContainerItemProxy */ = {
			isa = PBXContainerItemProxy;
			containerPortal = 3C4069152DEDE2E200226AD2 /* Project object */;
			proxyType = 1;
			remoteGlobalIDString = 3C40691C2DEDE2E200226AD2;
			remoteInfo = GoodWallet;
		};
/* End PBXContainerItemProxy section */

/* Begin PBXFileReference section */
		3C0C40AB2DEEA6FD00C88D35 /* MPLUSRounded1c-Black.ttf */ = {isa = PBXFileReference; lastKnownFileType = file; path = "MPLUSRounded1c-Black.ttf"; sourceTree = "<group>"; };
		3C0C40AC2DEEA6FD00C88D35 /* MPLUSRounded1c-Bold.ttf */ = {isa = PBXFileReference; lastKnownFileType = file; path = "MPLUSRounded1c-Bold.ttf"; sourceTree = "<group>"; };
		3C0C40AD2DEEA6FD00C88D35 /* MPLUSRounded1c-ExtraBold.ttf */ = {isa = PBXFileReference; lastKnownFileType = file; path = "MPLUSRounded1c-ExtraBold.ttf"; sourceTree = "<group>"; };
		3C0C40AE2DEEA6FD00C88D35 /* MPLUSRounded1c-Light.ttf */ = {isa = PBXFileReference; lastKnownFileType = file; path = "MPLUSRounded1c-Light.ttf"; sourceTree = "<group>"; };
		3C0C40AF2DEEA6FD00C88D35 /* MPLUSRounded1c-Medium.ttf */ = {isa = PBXFileReference; lastKnownFileType = file; path = "MPLUSRounded1c-Medium.ttf"; sourceTree = "<group>"; };
		3C0C40B02DEEA6FD00C88D35 /* MPLUSRounded1c-Regular.ttf */ = {isa = PBXFileReference; lastKnownFileType = file; path = "MPLUSRounded1c-Regular.ttf"; sourceTree = "<group>"; };
		3C0C40B12DEEA6FD00C88D35 /* MPLUSRounded1c-Thin.ttf */ = {isa = PBXFileReference; lastKnownFileType = file; path = "MPLUSRounded1c-Thin.ttf"; sourceTree = "<group>"; };
		3C0C40B92DEEA73100C88D35 /* OFL.txt */ = {isa = PBXFileReference; lastKnownFileType = text; path = OFL.txt; sourceTree = "<group>"; };
		3C40691D2DEDE2E300226AD2 /* GoodWallet.app */ = {isa = PBXFileReference; explicitFileType = wrapper.application; includeInIndex = 0; path = GoodWallet.app; sourceTree = BUILT_PRODUCTS_DIR; };
		3C40692A2DEDE2E500226AD2 /* GoodWalletTests.xctest */ = {isa = PBXFileReference; explicitFileType = wrapper.cfbundle; includeInIndex = 0; path = GoodWalletTests.xctest; sourceTree = BUILT_PRODUCTS_DIR; };
		3C4069342DEDE2E500226AD2 /* GoodWalletUITests.xctest */ = {isa = PBXFileReference; explicitFileType = wrapper.cfbundle; includeInIndex = 0; path = GoodWalletUITests.xctest; sourceTree = BUILT_PRODUCTS_DIR; };
/* End PBXFileReference section */

/* Begin PBXFileSystemSynchronizedBuildFileExceptionSet section */
		3C4069682DEDF99E00226AD2 /* Exceptions for "GoodWallet" folder in "GoodWallet" target */ = {
			isa = PBXFileSystemSynchronizedBuildFileExceptionSet;
			membershipExceptions = (
				Info.plist,
			);
			target = 3C40691C2DEDE2E200226AD2 /* GoodWallet */;
		};
/* End PBXFileSystemSynchronizedBuildFileExceptionSet section */

/* Begin PBXFileSystemSynchronizedRootGroup section */
		3C40691F2DEDE2E300226AD2 /* GoodWallet */ = {
			isa = PBXFileSystemSynchronizedRootGroup;
			exceptions = (
				3C4069682DEDF99E00226AD2 /* Exceptions for "GoodWallet" folder in "GoodWallet" target */,
			);
			path = GoodWallet;
			sourceTree = "<group>";
		};
		3C40692D2DEDE2E500226AD2 /* GoodWalletTests */ = {
			isa = PBXFileSystemSynchronizedRootGroup;
			path = GoodWalletTests;
			sourceTree = "<group>";
		};
		3C4069372DEDE2E500226AD2 /* GoodWalletUITests */ = {
			isa = PBXFileSystemSynchronizedRootGroup;
			path = GoodWalletUITests;
			sourceTree = "<group>";
		};
/* End PBXFileSystemSynchronizedRootGroup section */

/* Begin PBXFrameworksBuildPhase section */
		3C40691A2DEDE2E200226AD2 /* Frameworks */ = {
			isa = PBXFrameworksBuildPhase;
			buildActionMask = 2147483647;
			files = (
			);
			runOnlyForDeploymentPostprocessing = 0;
		};
		3C4069272DEDE2E500226AD2 /* Frameworks */ = {
			isa = PBXFrameworksBuildPhase;
			buildActionMask = 2147483647;
			files = (
			);
			runOnlyForDeploymentPostprocessing = 0;
		};
		3C4069312DEDE2E500226AD2 /* Frameworks */ = {
			isa = PBXFrameworksBuildPhase;
			buildActionMask = 2147483647;
			files = (
			);
			runOnlyForDeploymentPostprocessing = 0;
		};
/* End PBXFrameworksBuildPhase section */

/* Begin PBXGroup section */
		3C4069142DEDE2E200226AD2 = {
			isa = PBXGroup;
			children = (
				3C40691F2DEDE2E300226AD2 /* GoodWallet */,
				3C40692D2DEDE2E500226AD2 /* GoodWalletTests */,
				3C4069372DEDE2E500226AD2 /* GoodWalletUITests */,
				3C40691E2DEDE2E300226AD2 /* Products */,
				3C0C40AB2DEEA6FD00C88D35 /* MPLUSRounded1c-Black.ttf */,
				3C0C40AC2DEEA6FD00C88D35 /* MPLUSRounded1c-Bold.ttf */,
				3C0C40AD2DEEA6FD00C88D35 /* MPLUSRounded1c-ExtraBold.ttf */,
				3C0C40AE2DEEA6FD00C88D35 /* MPLUSRounded1c-Light.ttf */,
				3C0C40AF2DEEA6FD00C88D35 /* MPLUSRounded1c-Medium.ttf */,
				3C0C40B02DEEA6FD00C88D35 /* MPLUSRounded1c-Regular.ttf */,
				3C0C40B12DEEA6FD00C88D35 /* MPLUSRounded1c-Thin.ttf */,
				3C0C40B92DEEA73100C88D35 /* OFL.txt */,
			);
			sourceTree = "<group>";
		};
		3C40691E2DEDE2E300226AD2 /* Products */ = {
			isa = PBXGroup;
			children = (
				3C40691D2DEDE2E300226AD2 /* GoodWallet.app */,
				3C40692A2DEDE2E500226AD2 /* GoodWalletTests.xctest */,
				3C4069342DEDE2E500226AD2 /* GoodWalletUITests.xctest */,
			);
			name = Products;
			sourceTree = "<group>";
		};
/* End PBXGroup section */

/* Begin PBXNativeTarget section */
		3C40691C2DEDE2E200226AD2 /* GoodWallet */ = {
			isa = PBXNativeTarget;
			buildConfigurationList = 3C40693E2DEDE2E500226AD2 /* Build configuration list for PBXNativeTarget "GoodWallet" */;
			buildPhases = (
				3C4069192DEDE2E200226AD2 /* Sources */,
				3C40691A2DEDE2E200226AD2 /* Frameworks */,
				3C40691B2DEDE2E200226AD2 /* Resources */,
			);
			buildRules = (
			);
			dependencies = (
			);
			fileSystemSynchronizedGroups = (
				3C40691F2DEDE2E300226AD2 /* GoodWallet */,
			);
			name = GoodWallet;
			packageProductDependencies = (
			);
			productName = GoodWallet;
			productReference = 3C40691D2DEDE2E300226AD2 /* GoodWallet.app */;
			productType = "com.apple.product-type.application";
		};
		3C4069292DEDE2E500226AD2 /* GoodWalletTests */ = {
			isa = PBXNativeTarget;
			buildConfigurationList = 3C4069412DEDE2E500226AD2 /* Build configuration list for PBXNativeTarget "GoodWalletTests" */;
			buildPhases = (
				3C4069262DEDE2E500226AD2 /* Sources */,
				3C4069272DEDE2E500226AD2 /* Frameworks */,
				3C4069282DEDE2E500226AD2 /* Resources */,
			);
			buildRules = (
			);
			dependencies = (
				3C40692C2DEDE2E500226AD2 /* PBXTargetDependency */,
			);
			fileSystemSynchronizedGroups = (
				3C40692D2DEDE2E500226AD2 /* GoodWalletTests */,
			);
			name = GoodWalletTests;
			packageProductDependencies = (
			);
			productName = GoodWalletTests;
			productReference = 3C40692A2DEDE2E500226AD2 /* GoodWalletTests.xctest */;
			productType = "com.apple.product-type.bundle.unit-test";
		};
		3C4069332DEDE2E500226AD2 /* GoodWalletUITests */ = {
			isa = PBXNativeTarget;
			buildConfigurationList = 3C4069442DEDE2E500226AD2 /* Build configuration list for PBXNativeTarget "GoodWalletUITests" */;
			buildPhases = (
				3C4069302DEDE2E500226AD2 /* Sources */,
				3C4069312DEDE2E500226AD2 /* Frameworks */,
				3C4069322DEDE2E500226AD2 /* Resources */,
			);
			buildRules = (
			);
			dependencies = (
				3C4069362DEDE2E500226AD2 /* PBXTargetDependency */,
			);
			fileSystemSynchronizedGroups = (
				3C4069372DEDE2E500226AD2 /* GoodWalletUITests */,
			);
			name = GoodWalletUITests;
			packageProductDependencies = (
			);
			productName = GoodWalletUITests;
			productReference = 3C4069342DEDE2E500226AD2 /* GoodWalletUITests.xctest */;
			productType = "com.apple.product-type.bundle.ui-testing";
		};
/* End PBXNativeTarget section */

/* Begin PBXProject section */
		3C4069152DEDE2E200226AD2 /* Project object */ = {
			isa = PBXProject;
			attributes = {
				BuildIndependentTargetsInParallel = 1;
				LastSwiftUpdateCheck = 1630;
				LastUpgradeCheck = 1630;
				TargetAttributes = {
					3C40691C2DEDE2E200226AD2 = {
						CreatedOnToolsVersion = 16.3;
					};
					3C4069292DEDE2E500226AD2 = {
						CreatedOnToolsVersion = 16.3;
						TestTargetID = 3C40691C2DEDE2E200226AD2;
					};
					3C4069332DEDE2E500226AD2 = {
						CreatedOnToolsVersion = 16.3;
						TestTargetID = 3C40691C2DEDE2E200226AD2;
					};
				};
			};
			buildConfigurationList = 3C4069182DEDE2E200226AD2 /* Build configuration list for PBXProject "GoodWallet" */;
			developmentRegion = en;
			hasScannedForEncodings = 0;
			knownRegions = (
				en,
				Base,
			);
			mainGroup = 3C4069142DEDE2E200226AD2;
			minimizedProjectReferenceProxies = 1;
			preferredProjectObjectVersion = 77;
			productRefGroup = 3C40691E2DEDE2E300226AD2 /* Products */;
			projectDirPath = "";
			projectRoot = "";
			targets = (
				3C40691C2DEDE2E200226AD2 /* GoodWallet */,
				3C4069292DEDE2E500226AD2 /* GoodWalletTests */,
				3C4069332DEDE2E500226AD2 /* GoodWalletUITests */,
			);
		};
/* End PBXProject section */

/* Begin PBXResourcesBuildPhase section */
		3C40691B2DEDE2E200226AD2 /* Resources */ = {
			isa = PBXResourcesBuildPhase;
			buildActionMask = 2147483647;
			files = (
				3C0C40B22DEEA6FD00C88D35 /* MPLUSRounded1c-ExtraBold.ttf in Resources */,
				3C0C40B32DEEA6FD00C88D35 /* MPLUSRounded1c-Regular.ttf in Resources */,
				3C0C40BA2DEEA73100C88D35 /* OFL.txt in Resources */,
				3C0C40B42DEEA6FD00C88D35 /* MPLUSRounded1c-Black.ttf in Resources */,
				3C0C40B52DEEA6FD00C88D35 /* MPLUSRounded1c-Bold.ttf in Resources */,
				3C0C40B62DEEA6FD00C88D35 /* MPLUSRounded1c-Light.ttf in Resources */,
				3C0C40B72DEEA6FD00C88D35 /* MPLUSRounded1c-Medium.ttf in Resources */,
				3C0C40B82DEEA6FD00C88D35 /* MPLUSRounded1c-Thin.ttf in Resources */,
			);
			runOnlyForDeploymentPostprocessing = 0;
		};
		3C4069282DEDE2E500226AD2 /* Resources */ = {
			isa = PBXResourcesBuildPhase;
			buildActionMask = 2147483647;
			files = (
			);
			runOnlyForDeploymentPostprocessing = 0;
		};
		3C4069322DEDE2E500226AD2 /* Resources */ = {
			isa = PBXResourcesBuildPhase;
			buildActionMask = 2147483647;
			files = (
			);
			runOnlyForDeploymentPostprocessing = 0;
		};
/* End PBXResourcesBuildPhase section */

/* Begin PBXSourcesBuildPhase section */
		3C4069192DEDE2E200226AD2 /* Sources */ = {
			isa = PBXSourcesBuildPhase;
			buildActionMask = 2147483647;
			files = (
			);
			runOnlyForDeploymentPostprocessing = 0;
		};
		3C4069262DEDE2E500226AD2 /* Sources */ = {
			isa = PBXSourcesBuildPhase;
			buildActionMask = 2147483647;
			files = (
			);
			runOnlyForDeploymentPostprocessing = 0;
		};
		3C4069302DEDE2E500226AD2 /* Sources */ = {
			isa = PBXSourcesBuildPhase;
			buildActionMask = 2147483647;
			files = (
			);
			runOnlyForDeploymentPostprocessing = 0;
		};
/* End PBXSourcesBuildPhase section */

/* Begin PBXTargetDependency section */
		3C40692C2DEDE2E500226AD2 /* PBXTargetDependency */ = {
			isa = PBXTargetDependency;
			target = 3C40691C2DEDE2E200226AD2 /* GoodWallet */;
			targetProxy = 3C40692B2DEDE2E500226AD2 /* PBXContainerItemProxy */;
		};
		3C4069362DEDE2E500226AD2 /* PBXTargetDependency */ = {
			isa = PBXTargetDependency;
			target = 3C40691C2DEDE2E200226AD2 /* GoodWallet */;
			targetProxy = 3C4069352DEDE2E500226AD2 /* PBXContainerItemProxy */;
		};
/* End PBXTargetDependency section */

/* Begin XCBuildConfiguration section */
		3C40693C2DEDE2E500226AD2 /* Debug */ = {
			isa = XCBuildConfiguration;
			buildSettings = {
				ALWAYS_SEARCH_USER_PATHS = NO;
				ASSETCATALOG_COMPILER_GENERATE_SWIFT_ASSET_SYMBOL_EXTENSIONS = YES;
				CLANG_ANALYZER_NONNULL = YES;
				CLANG_ANALYZER_NUMBER_OBJECT_CONVERSION = YES_AGGRESSIVE;
				CLANG_CXX_LANGUAGE_STANDARD = "gnu++20";
				CLANG_ENABLE_MODULES = YES;
				CLANG_ENABLE_OBJC_ARC = YES;
				CLANG_ENABLE_OBJC_WEAK = YES;
				CLANG_WARN_BLOCK_CAPTURE_AUTORELEASING = YES;
				CLANG_WARN_BOOL_CONVERSION = YES;
				CLANG_WARN_COMMA = YES;
				CLANG_WARN_CONSTANT_CONVERSION = YES;
				CLANG_WARN_DEPRECATED_OBJC_IMPLEMENTATIONS = YES;
				CLANG_WARN_DIRECT_OBJC_ISA_USAGE = YES_ERROR;
				CLANG_WARN_DOCUMENTATION_COMMENTS = YES;
				CLANG_WARN_EMPTY_BODY = YES;
				CLANG_WARN_ENUM_CONVERSION = YES;
				CLANG_WARN_INFINITE_RECURSION = YES;
				CLANG_WARN_INT_CONVERSION = YES;
				CLANG_WARN_NON_LITERAL_NULL_CONVERSION = YES;
				CLANG_WARN_OBJC_IMPLICIT_RETAIN_SELF = YES;
				CLANG_WARN_OBJC_LITERAL_CONVERSION = YES;
				CLANG_WARN_OBJC_ROOT_CLASS = YES_ERROR;
				CLANG_WARN_QUOTED_INCLUDE_IN_FRAMEWORK_HEADER = YES;
				CLANG_WARN_RANGE_LOOP_ANALYSIS = YES;
				CLANG_WARN_STRICT_PROTOTYPES = YES;
				CLANG_WARN_SUSPICIOUS_MOVE = YES;
				CLANG_WARN_UNGUARDED_AVAILABILITY = YES_AGGRESSIVE;
				CLANG_WARN_UNREACHABLE_CODE = YES;
				CLANG_WARN__DUPLICATE_METHOD_MATCH = YES;
				COPY_PHASE_STRIP = NO;
				DEBUG_INFORMATION_FORMAT = dwarf;
				ENABLE_STRICT_OBJC_MSGSEND = YES;
				ENABLE_TESTABILITY = YES;
				ENABLE_USER_SCRIPT_SANDBOXING = YES;
				GCC_C_LANGUAGE_STANDARD = gnu17;
				GCC_DYNAMIC_NO_PIC = NO;
				GCC_NO_COMMON_BLOCKS = YES;
				GCC_OPTIMIZATION_LEVEL = 0;
				GCC_PREPROCESSOR_DEFINITIONS = (
					"DEBUG=1",
					"$(inherited)",
				);
				GCC_WARN_64_TO_32_BIT_CONVERSION = YES;
				GCC_WARN_ABOUT_RETURN_TYPE = YES_ERROR;
				GCC_WARN_UNDECLARED_SELECTOR = YES;
				GCC_WARN_UNINITIALIZED_AUTOS = YES_AGGRESSIVE;
				GCC_WARN_UNUSED_FUNCTION = YES;
				GCC_WARN_UNUSED_VARIABLE = YES;
				IPHONEOS_DEPLOYMENT_TARGET = 18.4;
				LOCALIZATION_PREFERS_STRING_CATALOGS = YES;
				MTL_ENABLE_DEBUG_INFO = INCLUDE_SOURCE;
				MTL_FAST_MATH = YES;
				ONLY_ACTIVE_ARCH = YES;
				SDKROOT = iphoneos;
				SWIFT_ACTIVE_COMPILATION_CONDITIONS = "DEBUG $(inherited)";
				SWIFT_OPTIMIZATION_LEVEL = "-Onone";
			};
			name = Debug;
		};
		3C40693D2DEDE2E500226AD2 /* Release */ = {
			isa = XCBuildConfiguration;
			buildSettings = {
				ALWAYS_SEARCH_USER_PATHS = NO;
				ASSETCATALOG_COMPILER_GENERATE_SWIFT_ASSET_SYMBOL_EXTENSIONS = YES;
				CLANG_ANALYZER_NONNULL = YES;
				CLANG_ANALYZER_NUMBER_OBJECT_CONVERSION = YES_AGGRESSIVE;
				CLANG_CXX_LANGUAGE_STANDARD = "gnu++20";
				CLANG_ENABLE_MODULES = YES;
				CLANG_ENABLE_OBJC_ARC = YES;
				CLANG_ENABLE_OBJC_WEAK = YES;
				CLANG_WARN_BLOCK_CAPTURE_AUTORELEASING = YES;
				CLANG_WARN_BOOL_CONVERSION = YES;
				CLANG_WARN_COMMA = YES;
				CLANG_WARN_CONSTANT_CONVERSION = YES;
				CLANG_WARN_DEPRECATED_OBJC_IMPLEMENTATIONS = YES;
				CLANG_WARN_DIRECT_OBJC_ISA_USAGE = YES_ERROR;
				CLANG_WARN_DOCUMENTATION_COMMENTS = YES;
				CLANG_WARN_EMPTY_BODY = YES;
				CLANG_WARN_ENUM_CONVERSION = YES;
				CLANG_WARN_INFINITE_RECURSION = YES;
				CLANG_WARN_INT_CONVERSION = YES;
				CLANG_WARN_NON_LITERAL_NULL_CONVERSION = YES;
				CLANG_WARN_OBJC_IMPLICIT_RETAIN_SELF = YES;
				CLANG_WARN_OBJC_LITERAL_CONVERSION = YES;
				CLANG_WARN_OBJC_ROOT_CLASS = YES_ERROR;
				CLANG_WARN_QUOTED_INCLUDE_IN_FRAMEWORK_HEADER = YES;
				CLANG_WARN_RANGE_LOOP_ANALYSIS = YES;
				CLANG_WARN_STRICT_PROTOTYPES = YES;
				CLANG_WARN_SUSPICIOUS_MOVE = YES;
				CLANG_WARN_UNGUARDED_AVAILABILITY = YES_AGGRESSIVE;
				CLANG_WARN_UNREACHABLE_CODE = YES;
				CLANG_WARN__DUPLICATE_METHOD_MATCH = YES;
				COPY_PHASE_STRIP = NO;
				DEBUG_INFORMATION_FORMAT = "dwarf-with-dsym";
				ENABLE_NS_ASSERTIONS = NO;
				ENABLE_STRICT_OBJC_MSGSEND = YES;
				ENABLE_USER_SCRIPT_SANDBOXING = YES;
				GCC_C_LANGUAGE_STANDARD = gnu17;
				GCC_NO_COMMON_BLOCKS = YES;
				GCC_WARN_64_TO_32_BIT_CONVERSION = YES;
				GCC_WARN_ABOUT_RETURN_TYPE = YES_ERROR;
				GCC_WARN_UNDECLARED_SELECTOR = YES;
				GCC_WARN_UNINITIALIZED_AUTOS = YES_AGGRESSIVE;
				GCC_WARN_UNUSED_FUNCTION = YES;
				GCC_WARN_UNUSED_VARIABLE = YES;
				IPHONEOS_DEPLOYMENT_TARGET = 18.4;
				LOCALIZATION_PREFERS_STRING_CATALOGS = YES;
				MTL_ENABLE_DEBUG_INFO = NO;
				MTL_FAST_MATH = YES;
				SDKROOT = iphoneos;
				SWIFT_COMPILATION_MODE = wholemodule;
				VALIDATE_PRODUCT = YES;
			};
			name = Release;
		};
		3C40693F2DEDE2E500226AD2 /* Debug */ = {
			isa = XCBuildConfiguration;
			buildSettings = {
				ASSETCATALOG_COMPILER_APPICON_NAME = AppIcon;
				ASSETCATALOG_COMPILER_GLOBAL_ACCENT_COLOR_NAME = AccentColor;
				CODE_SIGN_STYLE = Automatic;
				CURRENT_PROJECT_VERSION = 1;
				DEVELOPMENT_TEAM = 29RBJ87CT3;
				ENABLE_PREVIEWS = YES;
				GENERATE_INFOPLIST_FILE = YES;
				INFOPLIST_FILE = GoodWallet/Info.plist;
				INFOPLIST_KEY_LSApplicationCategoryType = "";
				INFOPLIST_KEY_UIApplicationSceneManifest_Generation = YES;
				INFOPLIST_KEY_UIApplicationSupportsIndirectInputEvents = YES;
				INFOPLIST_KEY_UILaunchScreen_Generation = YES;
				INFOPLIST_KEY_UISupportedInterfaceOrientations_iPad = "UIInterfaceOrientationPortrait UIInterfaceOrientationPortraitUpsideDown UIInterfaceOrientationLandscapeLeft UIInterfaceOrientationLandscapeRight";
				INFOPLIST_KEY_UISupportedInterfaceOrientations_iPhone = "UIInterfaceOrientationPortrait UIInterfaceOrientationLandscapeLeft UIInterfaceOrientationLandscapeRight";
				LD_RUNPATH_SEARCH_PATHS = (
					"$(inherited)",
					"@executable_path/Frameworks",
				);
				MARKETING_VERSION = 1.0;
				PRODUCT_BUNDLE_IDENTIFIER = app.shioiri.aikas.GoodWallet;
				PRODUCT_NAME = "$(TARGET_NAME)";
				SWIFT_EMIT_LOC_STRINGS = YES;
				SWIFT_VERSION = 5.0;
				TARGETED_DEVICE_FAMILY = "1,2";
			};
			name = Debug;
		};
		3C4069402DEDE2E500226AD2 /* Release */ = {
			isa = XCBuildConfiguration;
			buildSettings = {
				ASSETCATALOG_COMPILER_APPICON_NAME = AppIcon;
				ASSETCATALOG_COMPILER_GLOBAL_ACCENT_COLOR_NAME = AccentColor;
				CODE_SIGN_STYLE = Automatic;
				CURRENT_PROJECT_VERSION = 1;
				DEVELOPMENT_TEAM = 29RBJ87CT3;
				ENABLE_PREVIEWS = YES;
				GENERATE_INFOPLIST_FILE = YES;
				INFOPLIST_FILE = GoodWallet/Info.plist;
				INFOPLIST_KEY_LSApplicationCategoryType = "";
				INFOPLIST_KEY_UIApplicationSceneManifest_Generation = YES;
				INFOPLIST_KEY_UIApplicationSupportsIndirectInputEvents = YES;
				INFOPLIST_KEY_UILaunchScreen_Generation = YES;
				INFOPLIST_KEY_UISupportedInterfaceOrientations_iPad = "UIInterfaceOrientationPortrait UIInterfaceOrientationPortraitUpsideDown UIInterfaceOrientationLandscapeLeft UIInterfaceOrientationLandscapeRight";
				INFOPLIST_KEY_UISupportedInterfaceOrientations_iPhone = "UIInterfaceOrientationPortrait UIInterfaceOrientationLandscapeLeft UIInterfaceOrientationLandscapeRight";
				LD_RUNPATH_SEARCH_PATHS = (
					"$(inherited)",
					"@executable_path/Frameworks",
				);
				MARKETING_VERSION = 1.0;
				PRODUCT_BUNDLE_IDENTIFIER = app.shioiri.aikas.GoodWallet;
				PRODUCT_NAME = "$(TARGET_NAME)";
				SWIFT_EMIT_LOC_STRINGS = YES;
				SWIFT_VERSION = 5.0;
				TARGETED_DEVICE_FAMILY = "1,2";
			};
			name = Release;
		};
		3C4069422DEDE2E500226AD2 /* Debug */ = {
			isa = XCBuildConfiguration;
			buildSettings = {
				BUNDLE_LOADER = "$(TEST_HOST)";
				CODE_SIGN_STYLE = Automatic;
				CURRENT_PROJECT_VERSION = 1;
				GENERATE_INFOPLIST_FILE = YES;
				IPHONEOS_DEPLOYMENT_TARGET = 18.4;
				MARKETING_VERSION = 1.0;
				PRODUCT_BUNDLE_IDENTIFIER = app.shioiri.aikas.GoodWalletTests;
				PRODUCT_NAME = "$(TARGET_NAME)";
				SWIFT_EMIT_LOC_STRINGS = NO;
				SWIFT_VERSION = 5.0;
				TARGETED_DEVICE_FAMILY = "1,2";
				TEST_HOST = "$(BUILT_PRODUCTS_DIR)/GoodWallet.app/$(BUNDLE_EXECUTABLE_FOLDER_PATH)/GoodWallet";
			};
			name = Debug;
		};
		3C4069432DEDE2E500226AD2 /* Release */ = {
			isa = XCBuildConfiguration;
			buildSettings = {
				BUNDLE_LOADER = "$(TEST_HOST)";
				CODE_SIGN_STYLE = Automatic;
				CURRENT_PROJECT_VERSION = 1;
				GENERATE_INFOPLIST_FILE = YES;
				IPHONEOS_DEPLOYMENT_TARGET = 18.4;
				MARKETING_VERSION = 1.0;
				PRODUCT_BUNDLE_IDENTIFIER = app.shioiri.aikas.GoodWalletTests;
				PRODUCT_NAME = "$(TARGET_NAME)";
				SWIFT_EMIT_LOC_STRINGS = NO;
				SWIFT_VERSION = 5.0;
				TARGETED_DEVICE_FAMILY = "1,2";
				TEST_HOST = "$(BUILT_PRODUCTS_DIR)/GoodWallet.app/$(BUNDLE_EXECUTABLE_FOLDER_PATH)/GoodWallet";
			};
			name = Release;
		};
		3C4069452DEDE2E500226AD2 /* Debug */ = {
			isa = XCBuildConfiguration;
			buildSettings = {
				CODE_SIGN_STYLE = Automatic;
				CURRENT_PROJECT_VERSION = 1;
				GENERATE_INFOPLIST_FILE = YES;
				MARKETING_VERSION = 1.0;
				PRODUCT_BUNDLE_IDENTIFIER = app.shioiri.aikas.GoodWalletUITests;
				PRODUCT_NAME = "$(TARGET_NAME)";
				SWIFT_EMIT_LOC_STRINGS = NO;
				SWIFT_VERSION = 5.0;
				TARGETED_DEVICE_FAMILY = "1,2";
				TEST_TARGET_NAME = GoodWallet;
			};
			name = Debug;
		};
		3C4069462DEDE2E500226AD2 /* Release */ = {
			isa = XCBuildConfiguration;
			buildSettings = {
				CODE_SIGN_STYLE = Automatic;
				CURRENT_PROJECT_VERSION = 1;
				GENERATE_INFOPLIST_FILE = YES;
				MARKETING_VERSION = 1.0;
				PRODUCT_BUNDLE_IDENTIFIER = app.shioiri.aikas.GoodWalletUITests;
				PRODUCT_NAME = "$(TARGET_NAME)";
				SWIFT_EMIT_LOC_STRINGS = NO;
				SWIFT_VERSION = 5.0;
				TARGETED_DEVICE_FAMILY = "1,2";
				TEST_TARGET_NAME = GoodWallet;
			};
			name = Release;
		};
/* End XCBuildConfiguration section */

/* Begin XCConfigurationList section */
		3C4069182DEDE2E200226AD2 /* Build configuration list for PBXProject "GoodWallet" */ = {
			isa = XCConfigurationList;
			buildConfigurations = (
				3C40693C2DEDE2E500226AD2 /* Debug */,
				3C40693D2DEDE2E500226AD2 /* Release */,
			);
			defaultConfigurationIsVisible = 0;
			defaultConfigurationName = Release;
		};
		3C40693E2DEDE2E500226AD2 /* Build configuration list for PBXNativeTarget "GoodWallet" */ = {
			isa = XCConfigurationList;
			buildConfigurations = (
				3C40693F2DEDE2E500226AD2 /* Debug */,
				3C4069402DEDE2E500226AD2 /* Release */,
			);
			defaultConfigurationIsVisible = 0;
			defaultConfigurationName = Release;
		};
		3C4069412DEDE2E500226AD2 /* Build configuration list for PBXNativeTarget "GoodWalletTests" */ = {
			isa = XCConfigurationList;
			buildConfigurations = (
				3C4069422DEDE2E500226AD2 /* Debug */,
				3C4069432DEDE2E500226AD2 /* Release */,
			);
			defaultConfigurationIsVisible = 0;
			defaultConfigurationName = Release;
		};
		3C4069442DEDE2E500226AD2 /* Build configuration list for PBXNativeTarget "GoodWalletUITests" */ = {
			isa = XCConfigurationList;
			buildConfigurations = (
				3C4069452DEDE2E500226AD2 /* Debug */,
				3C4069462DEDE2E500226AD2 /* Release */,
			);
			defaultConfigurationIsVisible = 0;
			defaultConfigurationName = Release;
		};
/* End XCConfigurationList section */
	};
	rootObject = 3C4069152DEDE2E200226AD2 /* Project object */;
}
